
Microsoft Visual Studio Solution File, Format Version 12.00
# Visual Studio Version 16
VisualStudioVersion = 16.0.28917.182
MinimumVisualStudioVersion = 10.0.40219.1
Project("{FAE04EC0-301F-11D3-BF4B-00C04F79EFBC}") = "MM_PC", "MM_PC\MM_PC.csproj", "{464A13AF-053B-444D-A4C0-5D440FE90BA3}"
EndProject
Project("{9A19103F-16F7-4668-BE54-9A1E7A4F7556}") = "MM.Helper", "MM.Helper\MM.Helper.csproj", "{1A1E7AD6-1FB7-4E00-ADC9-AD5CD4ED1ED5}"
EndProject
Project("{FAE04EC0-301F-11D3-BF4B-00C04F79EFBC}") = "MM.Engine", "MM.Engine\MM.Engine.csproj", "{A0101ECE-C72F-4A6E-B8EF-3408E2725CD4}"
EndProject
Project("{FAE04EC0-301F-11D3-BF4B-00C04F79EFBC}") = "MM_Web", "MM_Web\MM_Web.csproj", "{13D9E5BE-8CB7-46B2-BBE7-93EE674A3F81}"
EndProject
Global
	GlobalSection(SolutionConfigurationPlatforms) = preSolution
		Debug|Any CPU = Debug|Any CPU
		Debug|x86 = Debug|x86
		Release|Any CPU = Release|Any CPU
		Release|x86 = Release|x86
	EndGlobalSection
	GlobalSection(ProjectConfigurationPlatforms) = postSolution
		{464A13AF-053B-444D-A4C0-5D440FE90BA3}.Debug|Any CPU.ActiveCfg = Debug|Any CPU
		{464A13AF-053B-444D-A4C0-5D440FE90BA3}.Debug|Any CPU.Build.0 = Debug|Any CPU
		{464A13AF-053B-444D-A4C0-5D440FE90BA3}.Debug|x86.ActiveCfg = Debug|x86
		{464A13AF-053B-444D-A4C0-5D440FE90BA3}.Debug|x86.Build.0 = Debug|x86
		{464A13AF-053B-444D-A4C0-5D440FE90BA3}.Release|Any CPU.ActiveCfg = Release|Any CPU
		{464A13AF-053B-444D-A4C0-5D440FE90BA3}.Release|Any CPU.Build.0 = Release|Any CPU
		{464A13AF-053B-444D-A4C0-5D440FE90BA3}.Release|x86.ActiveCfg = Release|x86
		{464A13AF-053B-444D-A4C0-5D440FE90BA3}.Release|x86.Build.0 = Release|x86
		{1A1E7AD6-1FB7-4E00-ADC9-AD5CD4ED1ED5}.Debug|Any CPU.ActiveCfg = Debug|Any CPU
		{1A1E7AD6-1FB7-4E00-ADC9-AD5CD4ED1ED5}.Debug|Any CPU.Build.0 = Debug|Any CPU
		{1A1E7AD6-1FB7-4E00-ADC9-AD5CD4ED1ED5}.Debug|x86.ActiveCfg = Debug|Any CPU
		{1A1E7AD6-1FB7-4E00-ADC9-AD5CD4ED1ED5}.Debug|x86.Build.0 = Debug|Any CPU
		{1A1E7AD6-1FB7-4E00-ADC9-AD5CD4ED1ED5}.Release|Any CPU.ActiveCfg = Release|Any CPU
		{1A1E7AD6-1FB7-4E00-ADC9-AD5CD4ED1ED5}.Release|Any CPU.Build.0 = Release|Any CPU
		{1A1E7AD6-1FB7-4E00-ADC9-AD5CD4ED1ED5}.Release|x86.ActiveCfg = Release|Any CPU
		{1A1E7AD6-1FB7-4E00-ADC9-AD5CD4ED1ED5}.Release|x86.Build.0 = Release|Any CPU
		{A0101ECE-C72F-4A6E-B8EF-3408E2725CD4}.Debug|Any CPU.ActiveCfg = Debug|Any CPU
		{A0101ECE-C72F-4A6E-B8EF-3408E2725CD4}.Debug|Any CPU.Build.0 = Debug|Any CPU
		{A0101ECE-C72F-4A6E-B8EF-3408E2725CD4}.Debug|x86.ActiveCfg = Debug|Any CPU
		{A0101ECE-C72F-4A6E-B8EF-3408E2725CD4}.Debug|x86.Build.0 = Debug|Any CPU
		{A0101ECE-C72F-4A6E-B8EF-3408E2725CD4}.Release|Any CPU.ActiveCfg = Release|Any CPU
		{A0101ECE-C72F-4A6E-B8EF-3408E2725CD4}.Release|Any CPU.Build.0 = Release|Any CPU
		{A0101ECE-C72F-4A6E-B8EF-3408E2725CD4}.Release|x86.ActiveCfg = Release|Any CPU
		{A0101ECE-C72F-4A6E-B8EF-3408E2725CD4}.Release|x86.Build.0 = Release|Any CPU
		{13D9E5BE-8CB7-46B2-BBE7-93EE674A3F81}.Debug|Any CPU.ActiveCfg = Debug|Any CPU
		{13D9E5BE-8CB7-46B2-BBE7-93EE674A3F81}.Debug|Any CPU.Build.0 = Debug|Any CPU
		{13D9E5BE-8CB7-46B2-BBE7-93EE674A3F81}.Debug|x86.ActiveCfg = Debug|Any CPU
		{13D9E5BE-8CB7-46B2-BBE7-93EE674A3F81}.Debug|x86.Build.0 = Debug|Any CPU
		{13D9E5BE-8CB7-46B2-BBE7-93EE674A3F81}.Release|Any CPU.ActiveCfg = Release|Any CPU
		{13D9E5BE-8CB7-46B2-BBE7-93EE674A3F81}.Release|Any CPU.Build.0 = Release|Any CPU
		{13D9E5BE-8CB7-46B2-BBE7-93EE674A3F81}.Release|x86.ActiveCfg = Release|Any CPU
		{13D9E5BE-8CB7-46B2-BBE7-93EE674A3F81}.Release|x86.Build.0 = Release|Any CPU
	EndGlobalSection
	GlobalSection(SolutionProperties) = preSolution
		HideSolutionNode = FALSE
	EndGlobalSection
	GlobalSection(ExtensibilityGlobals) = postSolution
		SolutionGuid = {F1A3B191-3C21-48EF-9C6E-48B5ABE97384}
	EndGlobalSection
EndGlobal
